
Microsoft Visual Studio Solution File, Format Version 12.00
# Visual Studio Version 17
VisualStudioVersion = 17.12.35707.178 d17.12
MinimumVisualStudioVersion = 10.0.40219.1
Project("{FAE04EC0-301F-11D3-BF4B-00C04F79EFBC}") = "DigifyWebApp", "DigifyTechnicalTestWebAPP\DigifyWebApp.csproj", "{39B131CC-4046-4FD9-A001-852D8ADD0D5B}"
EndProject
Project("{FAE04EC0-301F-11D3-BF4B-00C04F79EFBC}") = "DigifyWebAPI", "DigifyTechnicalTestWebAPI\DigifyWebAPI.csproj", "{5BB73FF3-6764-416D-BD0E-CAD526219CBE}"
EndProject
Project("{2150E333-8FDC-42A3-9474-1A3956D46DE8}") = "DatabaseMigrationFiles", "DatabaseMigrationFiles", "{8A780E8F-F59A-4FA9-BE61-A51DD3E1FDB8}"
	ProjectSection(SolutionItems) = preProject
		DigifyTechnicalTestWebAPP\DatabaseMigrationFiles\RegistrationsQuery.sql = DigifyTechnicalTestWebAPP\DatabaseMigrationFiles\RegistrationsQuery.sql
	EndProjectSection
EndProject
Global
	GlobalSection(SolutionConfigurationPlatforms) = preSolution
		Debug|Any CPU = Debug|Any CPU
		Release|Any CPU = Release|Any CPU
	EndGlobalSection
	GlobalSection(ProjectConfigurationPlatforms) = postSolution
		{39B131CC-4046-4FD9-A001-852D8ADD0D5B}.Debug|Any CPU.ActiveCfg = Debug|Any CPU
		{39B131CC-4046-4FD9-A001-852D8ADD0D5B}.Debug|Any CPU.Build.0 = Debug|Any CPU
		{39B131CC-4046-4FD9-A001-852D8ADD0D5B}.Release|Any CPU.ActiveCfg = Release|Any CPU
		{39B131CC-4046-4FD9-A001-852D8ADD0D5B}.Release|Any CPU.Build.0 = Release|Any CPU
		{5BB73FF3-6764-416D-BD0E-CAD526219CBE}.Debug|Any CPU.ActiveCfg = Debug|Any CPU
		{5BB73FF3-6764-416D-BD0E-CAD526219CBE}.Debug|Any CPU.Build.0 = Debug|Any CPU
		{5BB73FF3-6764-416D-BD0E-CAD526219CBE}.Release|Any CPU.ActiveCfg = Release|Any CPU
		{5BB73FF3-6764-416D-BD0E-CAD526219CBE}.Release|Any CPU.Build.0 = Release|Any CPU
	EndGlobalSection
	GlobalSection(SolutionProperties) = preSolution
		HideSolutionNode = FALSE
	EndGlobalSection
EndGlobal
